PODS:
  - Alamofire (3.4.1)
  - AlamofireObjectMapper (3.0.0):
    - Alamofire (~> 3.2)
    - ObjectMapper (~> 1.0)
  - libPhoneNumber-iOS (0.8.13)
  - ObjectMapper (1.3.0)
  - TwilioLookup (1.0.0):
    - Alamofire
    - AlamofireObjectMapper (~> 3.0)

DEPENDENCIES:
  - libPhoneNumber-iOS (~> 0.8)
  - TwilioLookup (from `../`)

EXTERNAL SOURCES:
  TwilioLookup:
    :path: "../"

SPEC CHECKSUMS:
  Alamofire: 01a82e2f6c0f860ade35534c8dd88be61bdef40c
  AlamofireObjectMapper: 2d16585d06177be0116d76de73497e77437798af
  libPhoneNumber-iOS: 3a37004baf779b4262ab29a31a87d2ae668159d4
  ObjectMapper: 4eb08a726e9791a93b2632049951b56a7c17e471
  TwilioLookup: 3219caca4ddc7db835fa4b6d2ab1c75472e3d517

PODFILE CHECKSUM: dd4d708849079dbc6c9f8ef456a6bc7d3e8cd344

COCOAPODS: 1.0.1
